
Microsoft Visual Studio Solution File, Format Version 12.00
# Visual Studio Version 17
VisualStudioVersion = 17.11.35312.102
MinimumVisualStudioVersion = 10.0.40219.1
Project("{9A19103F-16F7-4668-BE54-9A1E7A4F7556}") = "Disposing", "Disposing\Disposing.csproj", "{8DB7FA4E-9A72-4FA8-B45D-F5D162F20F6D}"
EndProject
Project("{9A19103F-16F7-4668-BE54-9A1E7A4F7556}") = "Staticing", "Staticing\Staticing.csproj", "{B0E7AB58-B92F-4DF0-A53B-16FFF4C41F01}"
EndProject
Project("{9A19103F-16F7-4668-BE54-9A1E7A4F7556}") = "Recording", "Recording\Recording.csproj", "{D9903667-04EC-423F-AF76-31C74CDA4083}"
EndProject
Project("{9A19103F-16F7-4668-BE54-9A1E7A4F7556}") = "MemoryManagement", "MemoryManagement\MemoryManagement.csproj", "{120A35B7-1149-434F-8709-5F4EDD366242}"
EndProject
Project("{FAE04EC0-301F-11D3-BF4B-00C04F79EFBC}") = "BuildingStrings", "BuildingStrings\BuildingStrings.csproj", "{891BA6BB-A802-4274-B10A-0921B9A9C205}"
EndProject
Global
	GlobalSection(SolutionConfigurationPlatforms) = preSolution
		Debug|Any CPU = Debug|Any CPU
		Release|Any CPU = Release|Any CPU
	EndGlobalSection
	GlobalSection(ProjectConfigurationPlatforms) = postSolution
		{8DB7FA4E-9A72-4FA8-B45D-F5D162F20F6D}.Debug|Any CPU.ActiveCfg = Debug|Any CPU
		{8DB7FA4E-9A72-4FA8-B45D-F5D162F20F6D}.Debug|Any CPU.Build.0 = Debug|Any CPU
		{8DB7FA4E-9A72-4FA8-B45D-F5D162F20F6D}.Release|Any CPU.ActiveCfg = Release|Any CPU
		{8DB7FA4E-9A72-4FA8-B45D-F5D162F20F6D}.Release|Any CPU.Build.0 = Release|Any CPU
		{B0E7AB58-B92F-4DF0-A53B-16FFF4C41F01}.Debug|Any CPU.ActiveCfg = Debug|Any CPU
		{B0E7AB58-B92F-4DF0-A53B-16FFF4C41F01}.Debug|Any CPU.Build.0 = Debug|Any CPU
		{B0E7AB58-B92F-4DF0-A53B-16FFF4C41F01}.Release|Any CPU.ActiveCfg = Release|Any CPU
		{B0E7AB58-B92F-4DF0-A53B-16FFF4C41F01}.Release|Any CPU.Build.0 = Release|Any CPU
		{D9903667-04EC-423F-AF76-31C74CDA4083}.Debug|Any CPU.ActiveCfg = Debug|Any CPU
		{D9903667-04EC-423F-AF76-31C74CDA4083}.Debug|Any CPU.Build.0 = Debug|Any CPU
		{D9903667-04EC-423F-AF76-31C74CDA4083}.Release|Any CPU.ActiveCfg = Release|Any CPU
		{D9903667-04EC-423F-AF76-31C74CDA4083}.Release|Any CPU.Build.0 = Release|Any CPU
		{120A35B7-1149-434F-8709-5F4EDD366242}.Debug|Any CPU.ActiveCfg = Debug|Any CPU
		{120A35B7-1149-434F-8709-5F4EDD366242}.Debug|Any CPU.Build.0 = Debug|Any CPU
		{120A35B7-1149-434F-8709-5F4EDD366242}.Release|Any CPU.ActiveCfg = Release|Any CPU
		{120A35B7-1149-434F-8709-5F4EDD366242}.Release|Any CPU.Build.0 = Release|Any CPU
		{891BA6BB-A802-4274-B10A-0921B9A9C205}.Debug|Any CPU.ActiveCfg = Debug|Any CPU
		{891BA6BB-A802-4274-B10A-0921B9A9C205}.Debug|Any CPU.Build.0 = Debug|Any CPU
		{891BA6BB-A802-4274-B10A-0921B9A9C205}.Release|Any CPU.ActiveCfg = Release|Any CPU
		{891BA6BB-A802-4274-B10A-0921B9A9C205}.Release|Any CPU.Build.0 = Release|Any CPU
	EndGlobalSection
	GlobalSection(SolutionProperties) = preSolution
		HideSolutionNode = FALSE
	EndGlobalSection
	GlobalSection(ExtensibilityGlobals) = postSolution
		SolutionGuid = {11385D7B-3B9A-4409-8A28-882165FDA8CD}
	EndGlobalSection
EndGlobal
