
Microsoft Visual Studio Solution File, Format Version 12.00
# Visual Studio Version 17
VisualStudioVersion = 17.11.35312.102
MinimumVisualStudioVersion = 10.0.40219.1
Project("{FAE04EC0-301F-11D3-BF4B-00C04F79EFBC}") = "ServerOne", "ServerOne\ServerOne.csproj", "{D41F8DC4-0B4F-4575-83C1-20E8A6EFD2D1}"
EndProject
Global
	GlobalSection(SolutionConfigurationPlatforms) = preSolution
		Debug|Any CPU = Debug|Any CPU
		Release|Any CPU = Release|Any CPU
	EndGlobalSection
	GlobalSection(ProjectConfigurationPlatforms) = postSolution
		{D41F8DC4-0B4F-4575-83C1-20E8A6EFD2D1}.Debug|Any CPU.ActiveCfg = Debug|Any CPU
		{D41F8DC4-0B4F-4575-83C1-20E8A6EFD2D1}.Debug|Any CPU.Build.0 = Debug|Any CPU
		{D41F8DC4-0B4F-4575-83C1-20E8A6EFD2D1}.Release|Any CPU.ActiveCfg = Release|Any CPU
		{D41F8DC4-0B4F-4575-83C1-20E8A6EFD2D1}.Release|Any CPU.Build.0 = Release|Any CPU
	EndGlobalSection
	GlobalSection(SolutionProperties) = preSolution
		HideSolutionNode = FALSE
	EndGlobalSection
	GlobalSection(ExtensibilityGlobals) = postSolution
		SolutionGuid = {68085BED-E94D-4F24-B320-7A109577245B}
	EndGlobalSection
EndGlobal
